{
  "object": {
    "pins": [
      {
        "package": "Nimble",
        "repositoryURL": "https://github.com/Quick/Nimble.git",
        "state": {
          "branch": "master",
          "revision": "07f7aa68ba7e0fafd3a9ae2b444605a543e58fea",
          "version": null
        }
      },
      {
        "package": "Quick",
        "repositoryURL": "https://github.com/Quick/Quick.git",
        "state": {
          "branch": "master",
          "revision": "ad85cdebd3621dc89e16630a2035f6475d32136c",
          "version": null
        }
      }
    ]
  },
  "version": 1
}
